// !$*UTF8*$!
{
	archiveVersion = 1;
	classes = {
	};
	objectVersion = 46;
	objects = {

/* Begin PBXBuildFile section */
		9EAD46351BF46C5C0040326F /* AppDelegate.swift in Sources */ = {isa = PBXBuildFile; fileRef = 9EAD46341BF46C5C0040326F /* AppDelegate.swift */; };
		9EAD46371BF46C5C0040326F /* ViewController.swift in Sources */ = {isa = PBXBuildFile; fileRef = 9EAD46361BF46C5C0040326F /* ViewController.swift */; };
		9EAD463A1BF46C5C0040326F /* Main.storyboard in Resources */ = {isa = PBXBuildFile; fileRef = 9EAD46381BF46C5C0040326F /* Main.storyboard */; };
		9EAD463C1BF46C5C0040326F /* Assets.xcassets in Resources */ = {isa = PBXBuildFile; fileRef = 9EAD463B1BF46C5C0040326F /* Assets.xcassets */; };
		9EAD463F1BF46C5C0040326F /* LaunchScreen.storyboard in Resources */ = {isa = PBXBuildFile; fileRef = 9EAD463D1BF46C5C0040326F /* LaunchScreen.storyboard */; };
		9EAD464A1BF46C5D0040326F /* StackViewsTests.swift in Sources */ = {isa = PBXBuildFile; fileRef = 9EAD46491BF46C5D0040326F /* StackViewsTests.swift */; };
		9EAD46551BF46C5D0040326F /* StackViewsUITests.swift in Sources */ = {isa = PBXBuildFile; fileRef = 9EAD46541BF46C5D0040326F /* StackViewsUITests.swift */; };
/* End PBXBuildFile section */

/* Begin PBXContainerItemProxy section */
		9EAD46461BF46C5D0040326F /* PBXContainerItemProxy */ = {
			isa = PBXContainerItemProxy;
			containerPortal = 9EAD46291BF46C5C0040326F /* Project object */;
			proxyType = 1;
			remoteGlobalIDString = 9EAD46301BF46C5C0040326F;
			remoteInfo = StackViews;
		};
		9EAD46511BF46C5D0040326F /* PBXContainerItemProxy */ = {
			isa = PBXContainerItemProxy;
			containerPortal = 9EAD46291BF46C5C0040326F /* Project object */;
			proxyType = 1;
			remoteGlobalIDString = 9EAD46301BF46C5C0040326F;
			remoteInfo = StackViews;
		};
/* End PBXContainerItemProxy section */

/* Begin PBXFileReference section */
		9EAD46311BF46C5C0040326F /* StackViews.app */ = {isa = PBXFileReference; explicitFileType = wrapper.application; includeInIndex = 0; path = StackViews.app; sourceTree = BUILT_PRODUCTS_DIR; };
		9EAD46341BF46C5C0040326F /* AppDelegate.swift */ = {isa = PBXFileReference; lastKnownFileType = sourcecode.swift; path = AppDelegate.swift; sourceTree = "<group>"; };
		9EAD46361BF46C5C0040326F /* ViewController.swift */ = {isa = PBXFileReference; lastKnownFileType = sourcecode.swift; path = ViewController.swift; sourceTree = "<group>"; };
		9EAD46391BF46C5C0040326F /* Base */ = {isa = PBXFileReference; lastKnownFileType = file.storyboard; name = Base; path = Base.lproj/Main.storyboard; sourceTree = "<group>"; };
		9EAD463B1BF46C5C0040326F /* Assets.xcassets */ = {isa = PBXFileReference; lastKnownFileType = folder.assetcatalog; path = Assets.xcassets; sourceTree = "<group>"; };
		9EAD463E1BF46C5C0040326F /* Base */ = {isa = PBXFileReference; lastKnownFileType = file.storyboard; name = Base; path = Base.lproj/LaunchScreen.storyboard; sourceTree = "<group>"; };
		9EAD46401BF46C5D0040326F /* Info.plist */ = {isa = PBXFileReference; lastKnownFileType = text.plist.xml; path = Info.plist; sourceTree = "<group>"; };
		9EAD46451BF46C5D0040326F /* StackViewsTests.xctest */ = {isa = PBXFileReference; explicitFileType = wrapper.cfbundle; includeInIndex = 0; path = StackViewsTests.xctest; sourceTree = BUILT_PRODUCTS_DIR; };
		9EAD46491BF46C5D0040326F /* StackViewsTests.swift */ = {isa = PBXFileReference; lastKnownFileType = sourcecode.swift; path = StackViewsTests.swift; sourceTree = "<group>"; };
		9EAD464B1BF46C5D0040326F /* Info.plist */ = {isa = PBXFileReference; lastKnownFileType = text.plist.xml; path = Info.plist; sourceTree = "<group>"; };
		9EAD46501BF46C5D0040326F /* StackViewsUITests.xctest */ = {isa = PBXFileReference; explicitFileType = wrapper.cfbundle; includeInIndex = 0; path = StackViewsUITests.xctest; sourceTree = BUILT_PRODUCTS_DIR; };
		9EAD46541BF46C5D0040326F /* StackViewsUITests.swift */ = {isa = PBXFileReference; lastKnownFileType = sourcecode.swift; path = StackViewsUITests.swift; sourceTree = "<group>"; };
		9EAD46561BF46C5D0040326F /* Info.plist */ = {isa = PBXFileReference; lastKnownFileType = text.plist.xml; path = Info.plist; sourceTree = "<group>"; };
/* End PBXFileReference section */

/* Begin PBXFrameworksBuildPhase section */
		9EAD462E1BF46C5C0040326F /* Frameworks */ = {
			isa = PBXFrameworksBuildPhase;
			buildActionMask = 2147483647;
			files = (
			);
			runOnlyForDeploymentPostprocessing = 0;
		};
		9EAD46421BF46C5D0040326F /* Frameworks */ = {
			isa = PBXFrameworksBuildPhase;
			buildActionMask = 2147483647;
			files = (
			);
			runOnlyForDeploymentPostprocessing = 0;
		};
		9EAD464D1BF46C5D0040326F /* Frameworks */ = {
			isa = PBXFrameworksBuildPhase;
			buildActionMask = 2147483647;
			files = (
			);
			runOnlyForDeploymentPostprocessing = 0;
		};
/* End PBXFrameworksBuildPhase section */

/* Begin PBXGroup section */
		9EAD46281BF46C5C0040326F = {
			isa = PBXGroup;
			children = (
				9EAD46331BF46C5C0040326F /* StackViews */,
				9EAD46481BF46C5D0040326F /* StackViewsTests */,
				9EAD46531BF46C5D0040326F /* StackViewsUITests */,
				9EAD46321BF46C5C0040326F /* Products */,
			);
			sourceTree = "<group>";
		};
		9EAD46321BF46C5C0040326F /* Products */ = {
			isa = PBXGroup;
			children = (
				9EAD46311BF46C5C0040326F /* StackViews.app */,
				9EAD46451BF46C5D0040326F /* StackViewsTests.xctest */,
				9EAD46501BF46C5D0040326F /* StackViewsUITests.xctest */,
			);
			name = Products;
			sourceTree = "<group>";
		};
		9EAD46331BF46C5C0040326F /* StackViews */ = {
			isa = PBXGroup;
			children = (
				9EAD46341BF46C5C0040326F /* AppDelegate.swift */,
				9EAD46361BF46C5C0040326F /* ViewController.swift */,
				9EAD46381BF46C5C0040326F /* Main.storyboard */,
				9EAD463B1BF46C5C0040326F /* Assets.xcassets */,
				9EAD463D1BF46C5C0040326F /* LaunchScreen.storyboard */,
				9EAD46401BF46C5D0040326F /* Info.plist */,
			);
			path = StackViews;
			sourceTree = "<group>";
		};
		9EAD46481BF46C5D0040326F /* StackViewsTests */ = {
			isa = PBXGroup;
			children = (
				9EAD46491BF46C5D0040326F /* StackViewsTests.swift */,
				9EAD464B1BF46C5D0040326F /* Info.plist */,
			);
			path = StackViewsTests;
			sourceTree = "<group>";
		};
		9EAD46531BF46C5D0040326F /* StackViewsUITests */ = {
			isa = PBXGroup;
			children = (
				9EAD46541BF46C5D0040326F /* StackViewsUITests.swift */,
				9EAD46561BF46C5D0040326F /* Info.plist */,
			);
			path = StackViewsUITests;
			sourceTree = "<group>";
		};
/* End PBXGroup section */

/* Begin PBXNativeTarget section */
		9EAD46301BF46C5C0040326F /* StackViews */ = {
			isa = PBXNativeTarget;
			buildConfigurationList = 9EAD46591BF46C5D0040326F /* Build configuration list for PBXNativeTarget "StackViews" */;
			buildPhases = (
				9EAD462D1BF46C5C0040326F /* Sources */,
				9EAD462E1BF46C5C0040326F /* Frameworks */,
				9EAD462F1BF46C5C0040326F /* Resources */,
			);
			buildRules = (
			);
			dependencies = (
			);
			name = StackViews;
			productName = StackViews;
			productReference = 9EAD46311BF46C5C0040326F /* StackViews.app */;
			productType = "com.apple.product-type.application";
		};
		9EAD46441BF46C5D0040326F /* StackViewsTests */ = {
			isa = PBXNativeTarget;
			buildConfigurationList = 9EAD465C1BF46C5D0040326F /* Build configuration list for PBXNativeTarget "StackViewsTests" */;
			buildPhases = (
				9EAD46411BF46C5D0040326F /* Sources */,
				9EAD46421BF46C5D0040326F /* Frameworks */,
				9EAD46431BF46C5D0040326F /* Resources */,
			);
			buildRules = (
			);
			dependencies = (
				9EAD46471BF46C5D0040326F /* PBXTargetDependency */,
			);
			name = StackViewsTests;
			productName = StackViewsTests;
			productReference = 9EAD46451BF46C5D0040326F /* StackViewsTests.xctest */;
			productType = "com.apple.product-type.bundle.unit-test";
		};
		9EAD464F1BF46C5D0040326F /* StackViewsUITests */ = {
			isa = PBXNativeTarget;
			buildConfigurationList = 9EAD465F1BF46C5D0040326F /* Build configuration list for PBXNativeTarget "StackViewsUITests" */;
			buildPhases = (
				9EAD464C1BF46C5D0040326F /* Sources */,
				9EAD464D1BF46C5D0040326F /* Frameworks */,
				9EAD464E1BF46C5D0040326F /* Resources */,
			);
			buildRules = (
			);
			dependencies = (
				9EAD46521BF46C5D0040326F /* PBXTargetDependency */,
			);
			name = StackViewsUITests;
			productName = StackViewsUITests;
			productReference = 9EAD46501BF46C5D0040326F /* StackViewsUITests.xctest */;
			productType = "com.apple.product-type.bundle.ui-testing";
		};
/* End PBXNativeTarget section */

/* Begin PBXProject section */
		9EAD46291BF46C5C0040326F /* Project object */ = {
			isa = PBXProject;
			attributes = {
				LastUpgradeCheck = 0700;
				ORGANIZATIONNAME = Wasabilabs;
				TargetAttributes = {
					9EAD46301BF46C5C0040326F = {
						CreatedOnToolsVersion = 7.0;
					};
					9EAD46441BF46C5D0040326F = {
						CreatedOnToolsVersion = 7.0;
						TestTargetID = 9EAD46301BF46C5C0040326F;
					};
					9EAD464F1BF46C5D0040326F = {
						CreatedOnToolsVersion = 7.0;
						TestTargetID = 9EAD46301BF46C5C0040326F;
					};
				};
			};
			buildConfigurationList = 9EAD462C1BF46C5C0040326F /* Build configuration list for PBXProject "StackViews" */;
			compatibilityVersion = "Xcode 3.2";
			developmentRegion = English;
			hasScannedForEncodings = 0;
			knownRegions = (
				en,
				Base,
			);
			mainGroup = 9EAD46281BF46C5C0040326F;
			productRefGroup = 9EAD46321BF46C5C0040326F /* Products */;
			projectDirPath = "";
			projectRoot = "";
			targets = (
				9EAD46301BF46C5C0040326F /* StackViews */,
				9EAD46441BF46C5D0040326F /* StackViewsTests */,
				9EAD464F1BF46C5D0040326F /* StackViewsUITests */,
			);
		};
/* End PBXProject section */

/* Begin PBXResourcesBuildPhase section */
		9EAD462F1BF46C5C0040326F /* Resources */ = {
			isa = PBXResourcesBuildPhase;
			buildActionMask = 2147483647;
			files = (
				9EAD463F1BF46C5C0040326F /* LaunchScreen.storyboard in Resources */,
				9EAD463C1BF46C5C0040326F /* Assets.xcassets in Resources */,
				9EAD463A1BF46C5C0040326F /* Main.storyboard in Resources */,
			);
			runOnlyForDeploymentPostprocessing = 0;
		};
		9EAD46431BF46C5D0040326F /* Resources */ = {
			isa = PBXResourcesBuildPhase;
			buildActionMask = 2147483647;
			files = (
			);
			runOnlyForDeploymentPostprocessing = 0;
		};
		9EAD464E1BF46C5D0040326F /* Resources */ = {
			isa = PBXResourcesBuildPhase;
			buildActionMask = 2147483647;
			files = (
			);
			runOnlyForDeploymentPostprocessing = 0;
		};
/* End PBXResourcesBuildPhase section */

/* Begin PBXSourcesBuildPhase section */
		9EAD462D1BF46C5C0040326F /* Sources */ = {
			isa = PBXSourcesBuildPhase;
			buildActionMask = 2147483647;
			files = (
				9EAD46371BF46C5C0040326F /* ViewController.swift in Sources */,
				9EAD46351BF46C5C0040326F /* AppDelegate.swift in Sources */,
			);
			runOnlyForDeploymentPostprocessing = 0;
		};
		9EAD46411BF46C5D0040326F /* Sources */ = {
			isa = PBXSourcesBuildPhase;
			buildActionMask = 2147483647;
			files = (
				9EAD464A1BF46C5D0040326F /* StackViewsTests.swift in Sources */,
			);
			runOnlyForDeploymentPostprocessing = 0;
		};
		9EAD464C1BF46C5D0040326F /* Sources */ = {
			isa = PBXSourcesBuildPhase;
			buildActionMask = 2147483647;
			files = (
				9EAD46551BF46C5D0040326F /* StackViewsUITests.swift in Sources */,
			);
			runOnlyForDeploymentPostprocessing = 0;
		};
/* End PBXSourcesBuildPhase section */

/* Begin PBXTargetDependency section */
		9EAD46471BF46C5D0040326F /* PBXTargetDependency */ = {
			isa = PBXTargetDependency;
			target = 9EAD46301BF46C5C0040326F /* StackViews */;
			targetProxy = 9EAD46461BF46C5D0040326F /* PBXContainerItemProxy */;
		};
		9EAD46521BF46C5D0040326F /* PBXTargetDependency */ = {
			isa = PBXTargetDependency;
			target = 9EAD46301BF46C5C0040326F /* StackViews */;
			targetProxy = 9EAD46511BF46C5D0040326F /* PBXContainerItemProxy */;
		};
/* End PBXTargetDependency section */

/* Begin PBXVariantGroup section */
		9EAD46381BF46C5C0040326F /* Main.storyboard */ = {
			isa = PBXVariantGroup;
			children = (
				9EAD46391BF46C5C0040326F /* Base */,
			);
			name = Main.storyboard;
			sourceTree = "<group>";
		};
		9EAD463D1BF46C5C0040326F /* LaunchScreen.storyboard */ = {
			isa = PBXVariantGroup;
			children = (
				9EAD463E1BF46C5C0040326F /* Base */,
			);
			name = LaunchScreen.storyboard;
			sourceTree = "<group>";
		};
/* End PBXVariantGroup section */

/* Begin XCBuildConfiguration section */
		9EAD46571BF46C5D0040326F /* Debug */ = {
			isa = XCBuildConfiguration;
			buildSettings = {
				ALWAYS_SEARCH_USER_PATHS = NO;
				CLANG_CXX_LANGUAGE_STANDARD = "gnu++0x";
				CLANG_CXX_LIBRARY = "libc++";
				CLANG_ENABLE_MODULES = YES;
				CLANG_ENABLE_OBJC_ARC = YES;
				CLANG_WARN_BOOL_CONVERSION = YES;
				CLANG_WARN_CONSTANT_CONVERSION = YES;
				CLANG_WARN_DIRECT_OBJC_ISA_USAGE = YES_ERROR;
				CLANG_WARN_EMPTY_BODY = YES;
				CLANG_WARN_ENUM_CONVERSION = YES;
				CLANG_WARN_INT_CONVERSION = YES;
				CLANG_WARN_OBJC_ROOT_CLASS = YES_ERROR;
				CLANG_WARN_UNREACHABLE_CODE = YES;
				CLANG_WARN__DUPLICATE_METHOD_MATCH = YES;
				"CODE_SIGN_IDENTITY[sdk=iphoneos*]" = "iPhone Developer";
				COPY_PHASE_STRIP = NO;
				DEBUG_INFORMATION_FORMAT = dwarf;
				ENABLE_STRICT_OBJC_MSGSEND = YES;
				ENABLE_TESTABILITY = YES;
				GCC_C_LANGUAGE_STANDARD = gnu99;
				GCC_DYNAMIC_NO_PIC = NO;
				GCC_NO_COMMON_BLOCKS = YES;
				GCC_OPTIMIZATION_LEVEL = 0;
				GCC_PREPROCESSOR_DEFINITIONS = (
					"DEBUG=1",
					"$(inherited)",
				);
				GCC_WARN_64_TO_32_BIT_CONVERSION = YES;
				GCC_WARN_ABOUT_RETURN_TYPE = YES_ERROR;
				GCC_WARN_UNDECLARED_SELECTOR = YES;
				GCC_WARN_UNINITIALIZED_AUTOS = YES_AGGRESSIVE;
				GCC_WARN_UNUSED_FUNCTION = YES;
				GCC_WARN_UNUSED_VARIABLE = YES;
				IPHONEOS_DEPLOYMENT_TARGET = 9.0;
				MTL_ENABLE_DEBUG_INFO = YES;
				ONLY_ACTIVE_ARCH = YES;
				SDKROOT = iphoneos;
				SWIFT_OPTIMIZATION_LEVEL = "-Onone";
			};
			name = Debug;
		};
		9EAD46581BF46C5D0040326F /* Release */ = {
			isa = XCBuildConfiguration;
			buildSettings = {
				ALWAYS_SEARCH_USER_PATHS = NO;
				CLANG_CXX_LANGUAGE_STANDARD = "gnu++0x";
				CLANG_CXX_LIBRARY = "libc++";
				CLANG_ENABLE_MODULES = YES;
				CLANG_ENABLE_OBJC_ARC = YES;
				CLANG_WARN_BOOL_CONVERSION = YES;
				CLANG_WARN_CONSTANT_CONVERSION = YES;
				CLANG_WARN_DIRECT_OBJC_ISA_USAGE = YES_ERROR;
				CLANG_WARN_EMPTY_BODY = YES;
				CLANG_WARN_ENUM_CONVERSION = YES;
				CLANG_WARN_INT_CONVERSION = YES;
				CLANG_WARN_OBJC_ROOT_CLASS = YES_ERROR;
				CLANG_WARN_UNREACHABLE_CODE = YES;
				CLANG_WARN__DUPLICATE_METHOD_MATCH = YES;
				"CODE_SIGN_IDENTITY[sdk=iphoneos*]" = "iPhone Developer";
				COPY_PHASE_STRIP = NO;
				DEBUG_INFORMATION_FORMAT = "dwarf-with-dsym";
				ENABLE_NS_ASSERTIONS = NO;
				ENABLE_STRICT_OBJC_MSGSEND = YES;
				GCC_C_LANGUAGE_STANDARD = gnu99;
				GCC_NO_COMMON_BLOCKS = YES;
				GCC_WARN_64_TO_32_BIT_CONVERSION = YES;
				GCC_WARN_ABOUT_RETURN_TYPE = YES_ERROR;
				GCC_WARN_UNDECLARED_SELECTOR = YES;
				GCC_WARN_UNINITIALIZED_AUTOS = YES_AGGRESSIVE;
				GCC_WARN_UNUSED_FUNCTION = YES;
				GCC_WARN_UNUSED_VARIABLE = YES;
				IPHONEOS_DEPLOYMENT_TARGET = 9.0;
				MTL_ENABLE_DEBUG_INFO = NO;
				SDKROOT = iphoneos;
				VALIDATE_PRODUCT = YES;
			};
			name = Release;
		};
		9EAD465A1BF46C5D0040326F /* Debug */ = {
			isa = XCBuildConfiguration;
			buildSettings = {
				ASSETCATALOG_COMPILER_APPICON_NAME = AppIcon;
				INFOPLIST_FILE = StackViews/Info.plist;
				LD_RUNPATH_SEARCH_PATHS = "$(inherited) @executable_path/Frameworks";
				PRODUCT_BUNDLE_IDENTIFIER = com.wasabilabs.StackViews;
				PRODUCT_NAME = "$(TARGET_NAME)";
			};
			name = Debug;
		};
		9EAD465B1BF46C5D0040326F /* Release */ = {
			isa = XCBuildConfiguration;
			buildSettings = {
				ASSETCATALOG_COMPILER_APPICON_NAME = AppIcon;
				INFOPLIST_FILE = StackViews/Info.plist;
				LD_RUNPATH_SEARCH_PATHS = "$(inherited) @executable_path/Frameworks";
				PRODUCT_BUNDLE_IDENTIFIER = com.wasabilabs.StackViews;
				PRODUCT_NAME = "$(TARGET_NAME)";
			};
			name = Release;
		};
		9EAD465D1BF46C5D0040326F /* Debug */ = {
			isa = XCBuildConfiguration;
			buildSettings = {
				BUNDLE_LOADER = "$(TEST_HOST)";
				INFOPLIST_FILE = StackViewsTests/Info.plist;
				LD_RUNPATH_SEARCH_PATHS = "$(inherited) @executable_path/Frameworks @loader_path/Frameworks";
				PRODUCT_BUNDLE_IDENTIFIER = com.wasabilabs.StackViewsTests;
				PRODUCT_NAME = "$(TARGET_NAME)";
				TEST_HOST = "$(BUILT_PRODUCTS_DIR)/StackViews.app/StackViews";
			};
			name = Debug;
		};
		9EAD465E1BF46C5D0040326F /* Release */ = {
			isa = XCBuildConfiguration;
			buildSettings = {
				BUNDLE_LOADER = "$(TEST_HOST)";
				INFOPLIST_FILE = StackViewsTests/Info.plist;
				LD_RUNPATH_SEARCH_PATHS = "$(inherited) @executable_path/Frameworks @loader_path/Frameworks";
				PRODUCT_BUNDLE_IDENTIFIER = com.wasabilabs.StackViewsTests;
				PRODUCT_NAME = "$(TARGET_NAME)";
				TEST_HOST = "$(BUILT_PRODUCTS_DIR)/StackViews.app/StackViews";
			};
			name = Release;
		};
		9EAD46601BF46C5D0040326F /* Debug */ = {
			isa = XCBuildConfiguration;
			buildSettings = {
				INFOPLIST_FILE = StackViewsUITests/Info.plist;
				LD_RUNPATH_SEARCH_PATHS = "$(inherited) @executable_path/Frameworks @loader_path/Frameworks";
				PRODUCT_BUNDLE_IDENTIFIER = com.wasabilabs.StackViewsUITests;
				PRODUCT_NAME = "$(TARGET_NAME)";
				TEST_TARGET_NAME = StackViews;
				USES_XCTRUNNER = YES;
			};
			name = Debug;
		};
		9EAD46611BF46C5D0040326F /* Release */ = {
			isa = XCBuildConfiguration;
			buildSettings = {
				INFOPLIST_FILE = StackViewsUITests/Info.plist;
				LD_RUNPATH_SEARCH_PATHS = "$(inherited) @executable_path/Frameworks @loader_path/Frameworks";
				PRODUCT_BUNDLE_IDENTIFIER = com.wasabilabs.StackViewsUITests;
				PRODUCT_NAME = "$(TARGET_NAME)";
				TEST_TARGET_NAME = StackViews;
				USES_XCTRUNNER = YES;
			};
			name = Release;
		};
/* End XCBuildConfiguration section */

/* Begin XCConfigurationList section */
		9EAD462C1BF46C5C0040326F /* Build configuration list for PBXProject "StackViews" */ = {
			isa = XCConfigurationList;
			buildConfigurations = (
				9EAD46571BF46C5D0040326F /* Debug */,
				9EAD46581BF46C5D0040326F /* Release */,
			);
			defaultConfigurationIsVisible = 0;
			defaultConfigurationName = Release;
		};
		9EAD46591BF46C5D0040326F /* Build configuration list for PBXNativeTarget "StackViews" */ = {
			isa = XCConfigurationList;
			buildConfigurations = (
				9EAD465A1BF46C5D0040326F /* Debug */,
				9EAD465B1BF46C5D0040326F /* Release */,
			);
			defaultConfigurationIsVisible = 0;
		};
		9EAD465C1BF46C5D0040326F /* Build configuration list for PBXNativeTarget "StackViewsTests" */ = {
			isa = XCConfigurationList;
			buildConfigurations = (
				9EAD465D1BF46C5D0040326F /* Debug */,
				9EAD465E1BF46C5D0040326F /* Release */,
			);
			defaultConfigurationIsVisible = 0;
		};
		9EAD465F1BF46C5D0040326F /* Build configuration list for PBXNativeTarget "StackViewsUITests" */ = {
			isa = XCConfigurationList;
			buildConfigurations = (
				9EAD46601BF46C5D0040326F /* Debug */,
				9EAD46611BF46C5D0040326F /* Release */,
			);
			defaultConfigurationIsVisible = 0;
		};
/* End XCConfigurationList section */
	};
	rootObject = 9EAD46291BF46C5C0040326F /* Project object */;
}
